
Microsoft Visual Studio Solution File, Format Version 12.00
# Visual Studio Version 17
VisualStudioVersion = 17.5.001.0
MinimumVisualStudioVersion = 10.0.40219.1
Project("{9A19103F-16F7-4668-BE54-9A1E7A4F7556}") = "P.C.I", "P.C.I.csproj", "{540E1230-3C05-4B0F-81DB-C27E557DEF2F}"
EndProject
Global
	GlobalSection(SolutionConfigurationPlatforms) = preSolution
		Debug|Any CPU = Debug|Any CPU
		Release|Any CPU = Release|Any CPU
	EndGlobalSection
	GlobalSection(ProjectConfigurationPlatforms) = postSolution
		{540E1230-3C05-4B0F-81DB-C27E557DEF2F}.Debug|Any CPU.ActiveCfg = Debug|Any CPU
		{540E1230-3C05-4B0F-81DB-C27E557DEF2F}.Debug|Any CPU.Build.0 = Debug|Any CPU
		{540E1230-3C05-4B0F-81DB-C27E557DEF2F}.Release|Any CPU.ActiveCfg = Release|Any CPU
		{540E1230-3C05-4B0F-81DB-C27E557DEF2F}.Release|Any CPU.Build.0 = Release|Any CPU
	EndGlobalSection
	GlobalSection(SolutionProperties) = preSolution
		HideSolutionNode = FALSE
	EndGlobalSection
	GlobalSection(ExtensibilityGlobals) = postSolution
		SolutionGuid = {4B6A8F80-668F-4E66-BCA1-1696E60FB834}
	EndGlobalSection
EndGlobal
